{
  "originHash" : "f3e942f9f139b0c055f1a46d053d216f09cc38acbcddce72ce2fa0b8d6c7e5e9",
  "pins" : [
    {
      "identity" : "swiftlintplugins",
      "kind" : "remoteSourceControl",
      "location" : "https://github.com/SimplyDanny/SwiftLintPlugins",
      "state" : {
        "revision" : "a60b5704f335fc18aa3aea3564c74774a338425f",
        "version" : "0.59.0"
      }
    }
  ],
  "version" : 3
}
